
Microsoft Visual Studio Solution File, Format Version 12.00
# Visual Studio Version 16
VisualStudioVersion = 16.0.31321.278
MinimumVisualStudioVersion = 10.0.40219.1
Project("{9A19103F-16F7-4668-BE54-9A1E7A4F7556}") = "NIliad", "NIliad\NIliad.csproj", "{49400962-D543-4DC3-9162-D3E0512074F7}"
EndProject
Project("{FAE04EC0-301F-11D3-BF4B-00C04F79EFBC}") = "IliadNET", "IliadNET\IliadNET.csproj", "{5891F80F-316D-42BB-AD48-8B6CA0423CDD}"
EndProject
Global
	GlobalSection(SolutionConfigurationPlatforms) = preSolution
		Debug|Any CPU = Debug|Any CPU
		Release|Any CPU = Release|Any CPU
	EndGlobalSection
	GlobalSection(ProjectConfigurationPlatforms) = postSolution
		{49400962-D543-4DC3-9162-D3E0512074F7}.Debug|Any CPU.ActiveCfg = Debug|Any CPU
		{49400962-D543-4DC3-9162-D3E0512074F7}.Debug|Any CPU.Build.0 = Debug|Any CPU
		{49400962-D543-4DC3-9162-D3E0512074F7}.Release|Any CPU.ActiveCfg = Release|Any CPU
		{49400962-D543-4DC3-9162-D3E0512074F7}.Release|Any CPU.Build.0 = Release|Any CPU
		{5891F80F-316D-42BB-AD48-8B6CA0423CDD}.Debug|Any CPU.ActiveCfg = Debug|Any CPU
		{5891F80F-316D-42BB-AD48-8B6CA0423CDD}.Debug|Any CPU.Build.0 = Debug|Any CPU
		{5891F80F-316D-42BB-AD48-8B6CA0423CDD}.Release|Any CPU.ActiveCfg = Release|Any CPU
		{5891F80F-316D-42BB-AD48-8B6CA0423CDD}.Release|Any CPU.Build.0 = Release|Any CPU
	EndGlobalSection
	GlobalSection(SolutionProperties) = preSolution
		HideSolutionNode = FALSE
	EndGlobalSection
	GlobalSection(ExtensibilityGlobals) = postSolution
		SolutionGuid = {90D99037-884E-4379-A40E-3CFF397EF8DA}
	EndGlobalSection
EndGlobal
